
Microsoft Visual Studio Solution File, Format Version 12.00
# Visual Studio Version 17
VisualStudioVersion = 17.11.35327.3
MinimumVisualStudioVersion = 10.0.40219.1
Project("{FAE04EC0-301F-11D3-BF4B-00C04F79EFBC}") = "Entities", "Entities\Entities.csproj", "{31CA6A17-9C0A-4688-8A3A-A0F9F4411602}"
EndProject
Project("{FAE04EC0-301F-11D3-BF4B-00C04F79EFBC}") = "DAL", "DAL\DAL.csproj", "{0534F3C6-73A6-4764-B9C8-165E94302DFA}"
EndProject
Project("{FAE04EC0-301F-11D3-BF4B-00C04F79EFBC}") = "BackEnd", "BackEnd\BackEnd.csproj", "{AF6689C3-9A75-446A-919B-A74991C16505}"
EndProject
Global
	GlobalSection(SolutionConfigurationPlatforms) = preSolution
		Debug|Any CPU = Debug|Any CPU
		Release|Any CPU = Release|Any CPU
	EndGlobalSection
	GlobalSection(ProjectConfigurationPlatforms) = postSolution
		{31CA6A17-9C0A-4688-8A3A-A0F9F4411602}.Debug|Any CPU.ActiveCfg = Debug|Any CPU
		{31CA6A17-9C0A-4688-8A3A-A0F9F4411602}.Debug|Any CPU.Build.0 = Debug|Any CPU
		{31CA6A17-9C0A-4688-8A3A-A0F9F4411602}.Release|Any CPU.ActiveCfg = Release|Any CPU
		{31CA6A17-9C0A-4688-8A3A-A0F9F4411602}.Release|Any CPU.Build.0 = Release|Any CPU
		{0534F3C6-73A6-4764-B9C8-165E94302DFA}.Debug|Any CPU.ActiveCfg = Debug|Any CPU
		{0534F3C6-73A6-4764-B9C8-165E94302DFA}.Debug|Any CPU.Build.0 = Debug|Any CPU
		{0534F3C6-73A6-4764-B9C8-165E94302DFA}.Release|Any CPU.ActiveCfg = Release|Any CPU
		{0534F3C6-73A6-4764-B9C8-165E94302DFA}.Release|Any CPU.Build.0 = Release|Any CPU
		{AF6689C3-9A75-446A-919B-A74991C16505}.Debug|Any CPU.ActiveCfg = Debug|Any CPU
		{AF6689C3-9A75-446A-919B-A74991C16505}.Debug|Any CPU.Build.0 = Debug|Any CPU
		{AF6689C3-9A75-446A-919B-A74991C16505}.Release|Any CPU.ActiveCfg = Release|Any CPU
		{AF6689C3-9A75-446A-919B-A74991C16505}.Release|Any CPU.Build.0 = Release|Any CPU
	EndGlobalSection
	GlobalSection(SolutionProperties) = preSolution
		HideSolutionNode = FALSE
	EndGlobalSection
	GlobalSection(ExtensibilityGlobals) = postSolution
		SolutionGuid = {8E2F1E64-1A0F-4940-8FE9-0D03F6FCA6B0}
	EndGlobalSection
EndGlobal
